
Microsoft Visual Studio Solution File, Format Version 12.00
# Visual Studio Version 17
VisualStudioVersion = 17.11.35312.102
MinimumVisualStudioVersion = 10.0.40219.1
Project("{9A19103F-16F7-4668-BE54-9A1E7A4F7556}") = "EnsekTakeHome", "EnsekTakeHome\EnsekTakeHome.csproj", "{FC85DE4D-3A82-4A90-8FAD-1DB731308E1B}"
EndProject
Project("{FAE04EC0-301F-11D3-BF4B-00C04F79EFBC}") = "EnsekTakeHome.Test", "EnsekTakeHome.Test\EnsekTakeHome.Test.csproj", "{E3BBA53C-A4B8-4B4E-9288-55DD081F1447}"
EndProject
Global
	GlobalSection(SolutionConfigurationPlatforms) = preSolution
		Debug|Any CPU = Debug|Any CPU
		Release|Any CPU = Release|Any CPU
	EndGlobalSection
	GlobalSection(ProjectConfigurationPlatforms) = postSolution
		{FC85DE4D-3A82-4A90-8FAD-1DB731308E1B}.Debug|Any CPU.ActiveCfg = Debug|Any CPU
		{FC85DE4D-3A82-4A90-8FAD-1DB731308E1B}.Debug|Any CPU.Build.0 = Debug|Any CPU
		{FC85DE4D-3A82-4A90-8FAD-1DB731308E1B}.Release|Any CPU.ActiveCfg = Release|Any CPU
		{FC85DE4D-3A82-4A90-8FAD-1DB731308E1B}.Release|Any CPU.Build.0 = Release|Any CPU
		{E3BBA53C-A4B8-4B4E-9288-55DD081F1447}.Debug|Any CPU.ActiveCfg = Debug|Any CPU
		{E3BBA53C-A4B8-4B4E-9288-55DD081F1447}.Debug|Any CPU.Build.0 = Debug|Any CPU
		{E3BBA53C-A4B8-4B4E-9288-55DD081F1447}.Release|Any CPU.ActiveCfg = Release|Any CPU
		{E3BBA53C-A4B8-4B4E-9288-55DD081F1447}.Release|Any CPU.Build.0 = Release|Any CPU
	EndGlobalSection
	GlobalSection(SolutionProperties) = preSolution
		HideSolutionNode = FALSE
	EndGlobalSection
	GlobalSection(ExtensibilityGlobals) = postSolution
		SolutionGuid = {50DE779E-AEEA-4ADD-9782-287CC1FAC5F4}
	EndGlobalSection
EndGlobal
